
Microsoft Visual Studio Solution File, Format Version 12.00
# Visual Studio Version 17
VisualStudioVersion = 17.6.33723.286
MinimumVisualStudioVersion = 10.0.40219.1
Project("{9A19103F-16F7-4668-BE54-9A1E7A4F7556}") = "lesson_4", "lesson_4\lesson_4.csproj", "{7E870D9A-63AD-4C95-9154-5D644733D478}"
EndProject
Project("{FAE04EC0-301F-11D3-BF4B-00C04F79EFBC}") = "Dars_7", "Dars_7\Dars_7.csproj", "{C10D3C33-93E1-4358-9F45-5C316830305E}"
EndProject
Global
	GlobalSection(SolutionConfigurationPlatforms) = preSolution
		Debug|Any CPU = Debug|Any CPU
		Release|Any CPU = Release|Any CPU
	EndGlobalSection
	GlobalSection(ProjectConfigurationPlatforms) = postSolution
		{7E870D9A-63AD-4C95-9154-5D644733D478}.Debug|Any CPU.ActiveCfg = Debug|Any CPU
		{7E870D9A-63AD-4C95-9154-5D644733D478}.Debug|Any CPU.Build.0 = Debug|Any CPU
		{7E870D9A-63AD-4C95-9154-5D644733D478}.Release|Any CPU.ActiveCfg = Release|Any CPU
		{7E870D9A-63AD-4C95-9154-5D644733D478}.Release|Any CPU.Build.0 = Release|Any CPU
		{C10D3C33-93E1-4358-9F45-5C316830305E}.Debug|Any CPU.ActiveCfg = Debug|Any CPU
		{C10D3C33-93E1-4358-9F45-5C316830305E}.Debug|Any CPU.Build.0 = Debug|Any CPU
		{C10D3C33-93E1-4358-9F45-5C316830305E}.Release|Any CPU.ActiveCfg = Release|Any CPU
		{C10D3C33-93E1-4358-9F45-5C316830305E}.Release|Any CPU.Build.0 = Release|Any CPU
	EndGlobalSection
	GlobalSection(SolutionProperties) = preSolution
		HideSolutionNode = FALSE
	EndGlobalSection
	GlobalSection(ExtensibilityGlobals) = postSolution
		SolutionGuid = {2B16D50D-A5C4-4F14-BA34-5D8101A4A1B1}
	EndGlobalSection
EndGlobal
